
Microsoft Visual Studio Solution File, Format Version 12.00
# Visual Studio Version 16
VisualStudioVersion = 16.0.32802.440
MinimumVisualStudioVersion = 10.0.40219.1
Project("{FAE04EC0-301F-11D3-BF4B-00C04F79EFBC}") = "Assignment_3", "Assignment_3\Assignment_3.csproj", "{CCB5FEF5-D25A-4F35-897E-5E5602C40B64}"
EndProject
Global
	GlobalSection(SolutionConfigurationPlatforms) = preSolution
		Debug|Any CPU = Debug|Any CPU
		Release|Any CPU = Release|Any CPU
	EndGlobalSection
	GlobalSection(ProjectConfigurationPlatforms) = postSolution
		{CCB5FEF5-D25A-4F35-897E-5E5602C40B64}.Debug|Any CPU.ActiveCfg = Debug|Any CPU
		{CCB5FEF5-D25A-4F35-897E-5E5602C40B64}.Debug|Any CPU.Build.0 = Debug|Any CPU
		{CCB5FEF5-D25A-4F35-897E-5E5602C40B64}.Release|Any CPU.ActiveCfg = Release|Any CPU
		{CCB5FEF5-D25A-4F35-897E-5E5602C40B64}.Release|Any CPU.Build.0 = Release|Any CPU
	EndGlobalSection
	GlobalSection(SolutionProperties) = preSolution
		HideSolutionNode = FALSE
	EndGlobalSection
	GlobalSection(ExtensibilityGlobals) = postSolution
		SolutionGuid = {77B61A38-86F0-444D-83D1-1522B856D505}
	EndGlobalSection
EndGlobal
