
Microsoft Visual Studio Solution File, Format Version 12.00
# Visual Studio Version 16
VisualStudioVersion = 16.0.32802.440
MinimumVisualStudioVersion = 10.0.40219.1
Project("{FAE04EC0-301F-11D3-BF4B-00C04F79EFBC}") = "Conversions", "Conversions\Conversions.csproj", "{6F800B67-EDA6-48E9-9B17-04B9373DF32A}"
EndProject
Global
	GlobalSection(SolutionConfigurationPlatforms) = preSolution
		Debug|Any CPU = Debug|Any CPU
		Release|Any CPU = Release|Any CPU
	EndGlobalSection
	GlobalSection(ProjectConfigurationPlatforms) = postSolution
		{6F800B67-EDA6-48E9-9B17-04B9373DF32A}.Debug|Any CPU.ActiveCfg = Debug|Any CPU
		{6F800B67-EDA6-48E9-9B17-04B9373DF32A}.Debug|Any CPU.Build.0 = Debug|Any CPU
		{6F800B67-EDA6-48E9-9B17-04B9373DF32A}.Release|Any CPU.ActiveCfg = Release|Any CPU
		{6F800B67-EDA6-48E9-9B17-04B9373DF32A}.Release|Any CPU.Build.0 = Release|Any CPU
	EndGlobalSection
	GlobalSection(SolutionProperties) = preSolution
		HideSolutionNode = FALSE
	EndGlobalSection
	GlobalSection(ExtensibilityGlobals) = postSolution
		SolutionGuid = {D92C97AD-D486-446F-B0E5-C44F5051ACD5}
	EndGlobalSection
EndGlobal
